
Microsoft Visual Studio Solution File, Format Version 12.00
# Visual Studio Version 17
VisualStudioVersion = 17.4.33205.214
MinimumVisualStudioVersion = 10.0.40219.1
Project("{9A19103F-16F7-4668-BE54-9A1E7A4F7556}") = "eCommerceWebAPI.Api", "eCommerceWebAPI.Api\eCommerceWebAPI.Api.csproj", "{BE3AB868-EABF-4F70-995C-F62CED430474}"
EndProject
Project("{9A19103F-16F7-4668-BE54-9A1E7A4F7556}") = "eCommerceWebAPI.Domain", "eCommerceWebAPI.Domain\eCommerceWebAPI.Domain.csproj", "{C6CC30E6-8ADA-4362-8617-418460D4BF95}"
EndProject
Project("{9A19103F-16F7-4668-BE54-9A1E7A4F7556}") = "eCommerceWebAPI.Infrastructure", "eCommerceWebAPI.Infrastructure\eCommerceWebAPI.Infrastructure.csproj", "{1D1EE1A6-FF25-4927-9FBF-1510D8A1AB44}"
EndProject
Project("{9A19103F-16F7-4668-BE54-9A1E7A4F7556}") = "eCommerceWebAPI.Application", "eCommerceWebAPI.Application\eCommerceWebAPI.Application.csproj", "{7E5F6859-1938-4D50-B826-2467E876E555}"
EndProject
Project("{2150E333-8FDC-42A3-9474-1A3956D46DE8}") = "Tests", "Tests", "{F4932C30-A98B-4D3C-9901-2548529C3525}"
EndProject
Project("{FAE04EC0-301F-11D3-BF4B-00C04F79EFBC}") = "eCommerceWebAPI.IntegrationTest", "eCommerceWebAPI.IntegrationTest\eCommerceWebAPI.IntegrationTest.csproj", "{F07B6D0D-4872-491E-A8F9-A7792F3BF30B}"
EndProject
Global
	GlobalSection(SolutionConfigurationPlatforms) = preSolution
		Debug|Any CPU = Debug|Any CPU
		Release|Any CPU = Release|Any CPU
	EndGlobalSection
	GlobalSection(ProjectConfigurationPlatforms) = postSolution
		{BE3AB868-EABF-4F70-995C-F62CED430474}.Debug|Any CPU.ActiveCfg = Debug|Any CPU
		{BE3AB868-EABF-4F70-995C-F62CED430474}.Debug|Any CPU.Build.0 = Debug|Any CPU
		{BE3AB868-EABF-4F70-995C-F62CED430474}.Release|Any CPU.ActiveCfg = Release|Any CPU
		{BE3AB868-EABF-4F70-995C-F62CED430474}.Release|Any CPU.Build.0 = Release|Any CPU
		{C6CC30E6-8ADA-4362-8617-418460D4BF95}.Debug|Any CPU.ActiveCfg = Debug|Any CPU
		{C6CC30E6-8ADA-4362-8617-418460D4BF95}.Debug|Any CPU.Build.0 = Debug|Any CPU
		{C6CC30E6-8ADA-4362-8617-418460D4BF95}.Release|Any CPU.ActiveCfg = Release|Any CPU
		{C6CC30E6-8ADA-4362-8617-418460D4BF95}.Release|Any CPU.Build.0 = Release|Any CPU
		{1D1EE1A6-FF25-4927-9FBF-1510D8A1AB44}.Debug|Any CPU.ActiveCfg = Debug|Any CPU
		{1D1EE1A6-FF25-4927-9FBF-1510D8A1AB44}.Debug|Any CPU.Build.0 = Debug|Any CPU
		{1D1EE1A6-FF25-4927-9FBF-1510D8A1AB44}.Release|Any CPU.ActiveCfg = Release|Any CPU
		{1D1EE1A6-FF25-4927-9FBF-1510D8A1AB44}.Release|Any CPU.Build.0 = Release|Any CPU
		{7E5F6859-1938-4D50-B826-2467E876E555}.Debug|Any CPU.ActiveCfg = Debug|Any CPU
		{7E5F6859-1938-4D50-B826-2467E876E555}.Debug|Any CPU.Build.0 = Debug|Any CPU
		{7E5F6859-1938-4D50-B826-2467E876E555}.Release|Any CPU.ActiveCfg = Release|Any CPU
		{7E5F6859-1938-4D50-B826-2467E876E555}.Release|Any CPU.Build.0 = Release|Any CPU
		{F07B6D0D-4872-491E-A8F9-A7792F3BF30B}.Debug|Any CPU.ActiveCfg = Debug|Any CPU
		{F07B6D0D-4872-491E-A8F9-A7792F3BF30B}.Debug|Any CPU.Build.0 = Debug|Any CPU
		{F07B6D0D-4872-491E-A8F9-A7792F3BF30B}.Release|Any CPU.ActiveCfg = Release|Any CPU
		{F07B6D0D-4872-491E-A8F9-A7792F3BF30B}.Release|Any CPU.Build.0 = Release|Any CPU
	EndGlobalSection
	GlobalSection(SolutionProperties) = preSolution
		HideSolutionNode = FALSE
	EndGlobalSection
	GlobalSection(NestedProjects) = preSolution
		{F07B6D0D-4872-491E-A8F9-A7792F3BF30B} = {F4932C30-A98B-4D3C-9901-2548529C3525}
	EndGlobalSection
	GlobalSection(ExtensibilityGlobals) = postSolution
		SolutionGuid = {312AC0D9-F438-425B-83E8-B9FC613308AE}
	EndGlobalSection
EndGlobal
